
Microsoft Visual Studio Solution File, Format Version 12.00
# Visual Studio Version 17
VisualStudioVersion = 17.7.34018.315
MinimumVisualStudioVersion = 10.0.40219.1
Project("{8BC9CEB8-8B4A-11D0-8D11-00A0C91BC942}") = "GameEngineGL", "GameEngineGL\GameEngineGL.vcxproj", "{FAAE1B6D-B1E8-4DFF-9940-4BE94FBD50F3}"
EndProject
Project("{2150E333-8FDC-42A3-9474-1A3956D46DE8}") = "Solution Items", "Solution Items", "{FD4ED236-D500-4E75-8085-FB210246E603}"
EndProject
Global
	GlobalSection(SolutionConfigurationPlatforms) = preSolution
		Debug|x64 = Debug|x64
		Debug|x86 = Debug|x86
		Release|x64 = Release|x64
		Release|x86 = Release|x86
	EndGlobalSection
	GlobalSection(ProjectConfigurationPlatforms) = postSolution
		{FAAE1B6D-B1E8-4DFF-9940-4BE94FBD50F3}.Debug|x64.ActiveCfg = Debug|x64
		{FAAE1B6D-B1E8-4DFF-9940-4BE94FBD50F3}.Debug|x64.Build.0 = Debug|x64
		{FAAE1B6D-B1E8-4DFF-9940-4BE94FBD50F3}.Debug|x86.ActiveCfg = Debug|Win32
		{FAAE1B6D-B1E8-4DFF-9940-4BE94FBD50F3}.Debug|x86.Build.0 = Debug|Win32
		{FAAE1B6D-B1E8-4DFF-9940-4BE94FBD50F3}.Release|x64.ActiveCfg = Release|x64
		{FAAE1B6D-B1E8-4DFF-9940-4BE94FBD50F3}.Release|x64.Build.0 = Release|x64
		{FAAE1B6D-B1E8-4DFF-9940-4BE94FBD50F3}.Release|x86.ActiveCfg = Release|Win32
		{FAAE1B6D-B1E8-4DFF-9940-4BE94FBD50F3}.Release|x86.Build.0 = Release|Win32
	EndGlobalSection
	GlobalSection(SolutionProperties) = preSolution
		HideSolutionNode = FALSE
	EndGlobalSection
	GlobalSection(ExtensibilityGlobals) = postSolution
		SolutionGuid = {44021A2E-9362-4203-96C2-6C7914408E4D}
	EndGlobalSection
EndGlobal
